// !$*UTF8*$!
{
	archiveVersion = 1;
	classes = {
	};
	objectVersion = 50;
	objects = {

/* Begin PBXBuildFile section */
		28AE1600AFA2763818CEEDD1 /* Pods_PigMoneyPoket.framework in Frameworks */ = {isa = PBXBuildFile; fileRef = 2AC255ED73E0DCBDDD455FB8 /* Pods_PigMoneyPoket.framework */; };
		C302AA4E22CA18B800069011 /* Date+Utill.swift in Sources */ = {isa = PBXBuildFile; fileRef = C302AA4D22CA18B800069011 /* Date+Utill.swift */; };
		C30F856121E0B4A7007FCD55 /* AppDelegate.swift in Sources */ = {isa = PBXBuildFile; fileRef = C30F856021E0B4A7007FCD55 /* AppDelegate.swift */; };
		C30F856321E0B4A7007FCD55 /* ViewController.swift in Sources */ = {isa = PBXBuildFile; fileRef = C30F856221E0B4A7007FCD55 /* ViewController.swift */; };
		C30F856621E0B4A7007FCD55 /* Main.storyboard in Resources */ = {isa = PBXBuildFile; fileRef = C30F856421E0B4A7007FCD55 /* Main.storyboard */; };
		C30F856821E0B4A8007FCD55 /* Assets.xcassets in Resources */ = {isa = PBXBuildFile; fileRef = C30F856721E0B4A8007FCD55 /* Assets.xcassets */; };
		C30F856B21E0B4A8007FCD55 /* LaunchScreen.storyboard in Resources */ = {isa = PBXBuildFile; fileRef = C30F856921E0B4A8007FCD55 /* LaunchScreen.storyboard */; };
		C324A0B421E0BDE500065C84 /* BuyModel.swift in Sources */ = {isa = PBXBuildFile; fileRef = C324A0B321E0BDE500065C84 /* BuyModel.swift */; };
		C35BD6F521E0D8BA00BD6BC6 /* ListTableViewController.swift in Sources */ = {isa = PBXBuildFile; fileRef = C35BD6F421E0D8BA00BD6BC6 /* ListTableViewController.swift */; };
		C35BD6F821E0D92D00BD6BC6 /* ListTableViewCell.swift in Sources */ = {isa = PBXBuildFile; fileRef = C35BD6F721E0D92D00BD6BC6 /* ListTableViewCell.swift */; };
		C35BD6FA21E0DC7400BD6BC6 /* MakeBuyViewController.swift in Sources */ = {isa = PBXBuildFile; fileRef = C35BD6F921E0DC7400BD6BC6 /* MakeBuyViewController.swift */; };
		C35BD6FC21E0DED000BD6BC6 /* SingleTone.swift in Sources */ = {isa = PBXBuildFile; fileRef = C35BD6FB21E0DED000BD6BC6 /* SingleTone.swift */; };
		C35BD70121E1FB8A00BD6BC6 /* Localizable.strings in Resources */ = {isa = PBXBuildFile; fileRef = C35BD70321E1FB8A00BD6BC6 /* Localizable.strings */; };
		C35BD70721E1FC7C00BD6BC6 /* String+Utill.swift in Sources */ = {isa = PBXBuildFile; fileRef = C35BD70621E1FC7C00BD6BC6 /* String+Utill.swift */; };
		C37D7BC822CDA58F00EDB287 /* LoginViewController.swift in Sources */ = {isa = PBXBuildFile; fileRef = C37D7BC722CDA58F00EDB287 /* LoginViewController.swift */; };
		C37D7BCC22CDC7AB00EDB287 /* JoinViewController.swift in Sources */ = {isa = PBXBuildFile; fileRef = C37D7BCB22CDC7AA00EDB287 /* JoinViewController.swift */; };
		C37D7BD022CDD34F00EDB287 /* FirebaseAuthHelper.swift in Sources */ = {isa = PBXBuildFile; fileRef = C37D7BCF22CDD34F00EDB287 /* FirebaseAuthHelper.swift */; };
		C37D7BD622CE169C00EDB287 /* GoogleService-Info.plist in Resources */ = {isa = PBXBuildFile; fileRef = C37D7BD522CE169C00EDB287 /* GoogleService-Info.plist */; };
		C3EA47C521E373F600A11F75 /* MapViewController.swift in Sources */ = {isa = PBXBuildFile; fileRef = C3EA47C421E373F600A11F75 /* MapViewController.swift */; };
		C3EA47C721E4C66200A11F75 /* OldPaymentsByLocationInfoViewController.swift in Sources */ = {isa = PBXBuildFile; fileRef = C3EA47C621E4C66200A11F75 /* OldPaymentsByLocationInfoViewController.swift */; };
/* End PBXBuildFile section */

/* Begin PBXFileReference section */
		12288603CEDD576B46AD0D1A /* Pods-PigMoneyPoket.release.xcconfig */ = {isa = PBXFileReference; includeInIndex = 1; lastKnownFileType = text.xcconfig; name = "Pods-PigMoneyPoket.release.xcconfig"; path = "Pods/Target Support Files/Pods-PigMoneyPoket/Pods-PigMoneyPoket.release.xcconfig"; sourceTree = "<group>"; };
		2AC255ED73E0DCBDDD455FB8 /* Pods_PigMoneyPoket.framework */ = {isa = PBXFileReference; explicitFileType = wrapper.framework; includeInIndex = 0; path = Pods_PigMoneyPoket.framework; sourceTree = BUILT_PRODUCTS_DIR; };
		C302AA4D22CA18B800069011 /* Date+Utill.swift */ = {isa = PBXFileReference; lastKnownFileType = sourcecode.swift; path = "Date+Utill.swift"; sourceTree = "<group>"; };
		C30F855D21E0B4A7007FCD55 /* PigMoneyPoket.app */ = {isa = PBXFileReference; explicitFileType = wrapper.application; includeInIndex = 0; path = PigMoneyPoket.app; sourceTree = BUILT_PRODUCTS_DIR; };
		C30F856021E0B4A7007FCD55 /* AppDelegate.swift */ = {isa = PBXFileReference; lastKnownFileType = sourcecode.swift; path = AppDelegate.swift; sourceTree = "<group>"; };
		C30F856221E0B4A7007FCD55 /* ViewController.swift */ = {isa = PBXFileReference; lastKnownFileType = sourcecode.swift; path = ViewController.swift; sourceTree = "<group>"; };
		C30F856521E0B4A7007FCD55 /* Base */ = {isa = PBXFileReference; lastKnownFileType = file.storyboard; name = Base; path = Base.lproj/Main.storyboard; sourceTree = "<group>"; };
		C30F856721E0B4A8007FCD55 /* Assets.xcassets */ = {isa = PBXFileReference; lastKnownFileType = folder.assetcatalog; path = Assets.xcassets; sourceTree = "<group>"; };
		C30F856A21E0B4A8007FCD55 /* Base */ = {isa = PBXFileReference; lastKnownFileType = file.storyboard; name = Base; path = Base.lproj/LaunchScreen.storyboard; sourceTree = "<group>"; };
		C30F856C21E0B4A8007FCD55 /* Info.plist */ = {isa = PBXFileReference; lastKnownFileType = text.plist.xml; path = Info.plist; sourceTree = "<group>"; };
		C324A0B321E0BDE500065C84 /* BuyModel.swift */ = {isa = PBXFileReference; lastKnownFileType = sourcecode.swift; path = BuyModel.swift; sourceTree = "<group>"; };
		C35BD6F421E0D8BA00BD6BC6 /* ListTableViewController.swift */ = {isa = PBXFileReference; lastKnownFileType = sourcecode.swift; path = ListTableViewController.swift; sourceTree = "<group>"; };
		C35BD6F721E0D92D00BD6BC6 /* ListTableViewCell.swift */ = {isa = PBXFileReference; lastKnownFileType = sourcecode.swift; path = ListTableViewCell.swift; sourceTree = "<group>"; };
		C35BD6F921E0DC7400BD6BC6 /* MakeBuyViewController.swift */ = {isa = PBXFileReference; lastKnownFileType = sourcecode.swift; path = MakeBuyViewController.swift; sourceTree = "<group>"; };
		C35BD6FB21E0DED000BD6BC6 /* SingleTone.swift */ = {isa = PBXFileReference; lastKnownFileType = sourcecode.swift; path = SingleTone.swift; sourceTree = "<group>"; };
		C35BD70221E1FB8A00BD6BC6 /* en */ = {isa = PBXFileReference; lastKnownFileType = text.plist.strings; name = en; path = en.lproj/Localizable.strings; sourceTree = "<group>"; };
		C35BD70421E1FBB800BD6BC6 /* ko */ = {isa = PBXFileReference; lastKnownFileType = text.plist.strings; name = ko; path = ko.lproj/Localizable.strings; sourceTree = "<group>"; };
		C35BD70621E1FC7C00BD6BC6 /* String+Utill.swift */ = {isa = PBXFileReference; lastKnownFileType = sourcecode.swift; path = "String+Utill.swift"; sourceTree = "<group>"; };
		C37D7BC722CDA58F00EDB287 /* LoginViewController.swift */ = {isa = PBXFileReference; lastKnownFileType = sourcecode.swift; path = LoginViewController.swift; sourceTree = "<group>"; };
		C37D7BCB22CDC7AA00EDB287 /* JoinViewController.swift */ = {isa = PBXFileReference; lastKnownFileType = sourcecode.swift; path = JoinViewController.swift; sourceTree = "<group>"; };
		C37D7BCF22CDD34F00EDB287 /* FirebaseAuthHelper.swift */ = {isa = PBXFileReference; lastKnownFileType = sourcecode.swift; path = FirebaseAuthHelper.swift; sourceTree = "<group>"; };
		C37D7BD522CE169C00EDB287 /* GoogleService-Info.plist */ = {isa = PBXFileReference; fileEncoding = 4; lastKnownFileType = text.plist.xml; path = "GoogleService-Info.plist"; sourceTree = "<group>"; };
		C3EA47C421E373F600A11F75 /* MapViewController.swift */ = {isa = PBXFileReference; lastKnownFileType = sourcecode.swift; path = MapViewController.swift; sourceTree = "<group>"; };
		C3EA47C621E4C66200A11F75 /* OldPaymentsByLocationInfoViewController.swift */ = {isa = PBXFileReference; lastKnownFileType = sourcecode.swift; path = OldPaymentsByLocationInfoViewController.swift; sourceTree = "<group>"; };
		F1F15F6CFA4B8AB5F5945CA1 /* Pods-PigMoneyPoket.debug.xcconfig */ = {isa = PBXFileReference; includeInIndex = 1; lastKnownFileType = text.xcconfig; name = "Pods-PigMoneyPoket.debug.xcconfig"; path = "Pods/Target Support Files/Pods-PigMoneyPoket/Pods-PigMoneyPoket.debug.xcconfig"; sourceTree = "<group>"; };
/* End PBXFileReference section */

/* Begin PBXFrameworksBuildPhase section */
		C30F855A21E0B4A7007FCD55 /* Frameworks */ = {
			isa = PBXFrameworksBuildPhase;
			buildActionMask = 2147483647;
			files = (
				28AE1600AFA2763818CEEDD1 /* Pods_PigMoneyPoket.framework in Frameworks */,
			);
			runOnlyForDeploymentPostprocessing = 0;
		};
/* End PBXFrameworksBuildPhase section */

/* Begin PBXGroup section */
		0838A4E586103B6961D82E8A /* Pods */ = {
			isa = PBXGroup;
			children = (
				F1F15F6CFA4B8AB5F5945CA1 /* Pods-PigMoneyPoket.debug.xcconfig */,
				12288603CEDD576B46AD0D1A /* Pods-PigMoneyPoket.release.xcconfig */,
			);
			name = Pods;
			sourceTree = "<group>";
		};
		8E562F9D862497A52BDA9FAE /* Frameworks */ = {
			isa = PBXGroup;
			children = (
				2AC255ED73E0DCBDDD455FB8 /* Pods_PigMoneyPoket.framework */,
			);
			name = Frameworks;
			sourceTree = "<group>";
		};
		C30F855421E0B4A7007FCD55 = {
			isa = PBXGroup;
			children = (
				C30F855F21E0B4A7007FCD55 /* PigMoneyPoket */,
				C30F855E21E0B4A7007FCD55 /* Products */,
				0838A4E586103B6961D82E8A /* Pods */,
				8E562F9D862497A52BDA9FAE /* Frameworks */,
			);
			sourceTree = "<group>";
		};
		C30F855E21E0B4A7007FCD55 /* Products */ = {
			isa = PBXGroup;
			children = (
				C30F855D21E0B4A7007FCD55 /* PigMoneyPoket.app */,
			);
			name = Products;
			sourceTree = "<group>";
		};
		C30F855F21E0B4A7007FCD55 /* PigMoneyPoket */ = {
			isa = PBXGroup;
			children = (
				C35BD70521E1FC5700BD6BC6 /* Extensions */,
				C324A0B021E0BD3A00065C84 /* models */,
				C30F856021E0B4A7007FCD55 /* AppDelegate.swift */,
				C35BD70321E1FB8A00BD6BC6 /* Localizable.strings */,
				C30F856221E0B4A7007FCD55 /* ViewController.swift */,
				C30F856421E0B4A7007FCD55 /* Main.storyboard */,
				C37D7BCF22CDD34F00EDB287 /* FirebaseAuthHelper.swift */,
				C35BD6F621E0D8E100BD6BC6 /* ViewControllers */,
				C30F856721E0B4A8007FCD55 /* Assets.xcassets */,
				C30F856921E0B4A8007FCD55 /* LaunchScreen.storyboard */,
				C30F856C21E0B4A8007FCD55 /* Info.plist */,
				C37D7BD522CE169C00EDB287 /* GoogleService-Info.plist */,
				C35BD6FB21E0DED000BD6BC6 /* SingleTone.swift */,
			);
			path = PigMoneyPoket;
			sourceTree = "<group>";
		};
		C324A0B021E0BD3A00065C84 /* models */ = {
			isa = PBXGroup;
			children = (
				C324A0B321E0BDE500065C84 /* BuyModel.swift */,
			);
			path = models;
			sourceTree = "<group>";
		};
		C35BD6F621E0D8E100BD6BC6 /* ViewControllers */ = {
			isa = PBXGroup;
			children = (
				C35BD6F421E0D8BA00BD6BC6 /* ListTableViewController.swift */,
				C37D7BC722CDA58F00EDB287 /* LoginViewController.swift */,
				C37D7BCB22CDC7AA00EDB287 /* JoinViewController.swift */,
				C3EA47C421E373F600A11F75 /* MapViewController.swift */,
				C35BD6F721E0D92D00BD6BC6 /* ListTableViewCell.swift */,
				C35BD6F921E0DC7400BD6BC6 /* MakeBuyViewController.swift */,
				C3EA47C621E4C66200A11F75 /* OldPaymentsByLocationInfoViewController.swift */,
			);
			path = ViewControllers;
			sourceTree = "<group>";
		};
		C35BD70521E1FC5700BD6BC6 /* Extensions */ = {
			isa = PBXGroup;
			children = (
				C35BD70621E1FC7C00BD6BC6 /* String+Utill.swift */,
				C302AA4D22CA18B800069011 /* Date+Utill.swift */,
			);
			path = Extensions;
			sourceTree = "<group>";
		};
/* End PBXGroup section */

/* Begin PBXNativeTarget section */
		C30F855C21E0B4A7007FCD55 /* PigMoneyPoket */ = {
			isa = PBXNativeTarget;
			buildConfigurationList = C30F856F21E0B4A8007FCD55 /* Build configuration list for PBXNativeTarget "PigMoneyPoket" */;
			buildPhases = (
				96225A2AE75D689BFB11E52F /* [CP] Check Pods Manifest.lock */,
				C30F855921E0B4A7007FCD55 /* Sources */,
				C30F855A21E0B4A7007FCD55 /* Frameworks */,
				C30F855B21E0B4A7007FCD55 /* Resources */,
				62B8ACD77592497E5D8550F3 /* [CP] Embed Pods Frameworks */,
				F03595D92DDB1FEC917D59EF /* [CP] Copy Pods Resources */,
			);
			buildRules = (
			);
			dependencies = (
			);
			name = PigMoneyPoket;
			productName = PigMoneyPoket;
			productReference = C30F855D21E0B4A7007FCD55 /* PigMoneyPoket.app */;
			productType = "com.apple.product-type.application";
		};
/* End PBXNativeTarget section */

/* Begin PBXProject section */
		C30F855521E0B4A7007FCD55 /* Project object */ = {
			isa = PBXProject;
			attributes = {
				LastSwiftUpdateCheck = 1010;
				LastUpgradeCheck = 1010;
				ORGANIZATIONNAME = "Changyul Seo";
				TargetAttributes = {
					C30F855C21E0B4A7007FCD55 = {
						CreatedOnToolsVersion = 10.1;
					};
				};
			};
			buildConfigurationList = C30F855821E0B4A7007FCD55 /* Build configuration list for PBXProject "PigMoneyPoket" */;
			compatibilityVersion = "Xcode 9.3";
			developmentRegion = en;
			hasScannedForEncodings = 0;
			knownRegions = (
				en,
				Base,
				ko,
			);
			mainGroup = C30F855421E0B4A7007FCD55;
			productRefGroup = C30F855E21E0B4A7007FCD55 /* Products */;
			projectDirPath = "";
			projectRoot = "";
			targets = (
				C30F855C21E0B4A7007FCD55 /* PigMoneyPoket */,
			);
		};
/* End PBXProject section */

/* Begin PBXResourcesBuildPhase section */
		C30F855B21E0B4A7007FCD55 /* Resources */ = {
			isa = PBXResourcesBuildPhase;
			buildActionMask = 2147483647;
			files = (
				C30F856B21E0B4A8007FCD55 /* LaunchScreen.storyboard in Resources */,
				C35BD70121E1FB8A00BD6BC6 /* Localizable.strings in Resources */,
				C37D7BD622CE169C00EDB287 /* GoogleService-Info.plist in Resources */,
				C30F856821E0B4A8007FCD55 /* Assets.xcassets in Resources */,
				C30F856621E0B4A7007FCD55 /* Main.storyboard in Resources */,
			);
			runOnlyForDeploymentPostprocessing = 0;
		};
/* End PBXResourcesBuildPhase section */

/* Begin PBXShellScriptBuildPhase section */
		62B8ACD77592497E5D8550F3 /* [CP] Embed Pods Frameworks */ = {
			isa = PBXShellScriptBuildPhase;
			buildActionMask = 2147483647;
			files = (
			);
			inputFileListPaths = (
			);
			inputPaths = (
				"${SRCROOT}/Pods/Target Support Files/Pods-PigMoneyPoket/Pods-PigMoneyPoket-frameworks.sh",
				"${BUILT_PRODUCTS_DIR}/BoringSSL-GRPC/openssl_grpc.framework",
				"${BUILT_PRODUCTS_DIR}/FBSDKCoreKit/FBSDKCoreKit.framework",
				"${BUILT_PRODUCTS_DIR}/FBSDKLoginKit/FBSDKLoginKit.framework",
				"${BUILT_PRODUCTS_DIR}/FSCalendar/FSCalendar.framework",
				"${BUILT_PRODUCTS_DIR}/GTMSessionFetcher/GTMSessionFetcher.framework",
				"${BUILT_PRODUCTS_DIR}/GoogleToolboxForMac/GoogleToolboxForMac.framework",
				"${BUILT_PRODUCTS_DIR}/GoogleUtilities/GoogleUtilities.framework",
				"${BUILT_PRODUCTS_DIR}/Protobuf/Protobuf.framework",
				"${BUILT_PRODUCTS_DIR}/Realm/Realm.framework",
				"${BUILT_PRODUCTS_DIR}/RealmSwift/RealmSwift.framework",
				"${BUILT_PRODUCTS_DIR}/RxCocoa/RxCocoa.framework",
				"${BUILT_PRODUCTS_DIR}/RxRelay/RxRelay.framework",
				"${BUILT_PRODUCTS_DIR}/RxSwift/RxSwift.framework",
				"${BUILT_PRODUCTS_DIR}/SDWebImage/SDWebImage.framework",
				"${BUILT_PRODUCTS_DIR}/TagListView/TagListView.framework",
				"${BUILT_PRODUCTS_DIR}/gRPC-C++/grpcpp.framework",
				"${BUILT_PRODUCTS_DIR}/gRPC-Core/grpc.framework",
				"${BUILT_PRODUCTS_DIR}/leveldb-library/leveldb.framework",
				"${BUILT_PRODUCTS_DIR}/nanopb/nanopb.framework",
			);
			name = "[CP] Embed Pods Frameworks";
			outputFileListPaths = (
			);
			outputPaths = (
				"${TARGET_BUILD_DIR}/${FRAMEWORKS_FOLDER_PATH}/openssl_grpc.framework",
				"${TARGET_BUILD_DIR}/${FRAMEWORKS_FOLDER_PATH}/FBSDKCoreKit.framework",
				"${TARGET_BUILD_DIR}/${FRAMEWORKS_FOLDER_PATH}/FBSDKLoginKit.framework",
				"${TARGET_BUILD_DIR}/${FRAMEWORKS_FOLDER_PATH}/FSCalendar.framework",
				"${TARGET_BUILD_DIR}/${FRAMEWORKS_FOLDER_PATH}/GTMSessionFetcher.framework",
				"${TARGET_BUILD_DIR}/${FRAMEWORKS_FOLDER_PATH}/GoogleToolboxForMac.framework",
				"${TARGET_BUILD_DIR}/${FRAMEWORKS_FOLDER_PATH}/GoogleUtilities.framework",
				"${TARGET_BUILD_DIR}/${FRAMEWORKS_FOLDER_PATH}/Protobuf.framework",
				"${TARGET_BUILD_DIR}/${FRAMEWORKS_FOLDER_PATH}/Realm.framework",
				"${TARGET_BUILD_DIR}/${FRAMEWORKS_FOLDER_PATH}/RealmSwift.framework",
				"${TARGET_BUILD_DIR}/${FRAMEWORKS_FOLDER_PATH}/RxCocoa.framework",
				"${TARGET_BUILD_DIR}/${FRAMEWORKS_FOLDER_PATH}/RxRelay.framework",
				"${TARGET_BUILD_DIR}/${FRAMEWORKS_FOLDER_PATH}/RxSwift.framework",
				"${TARGET_BUILD_DIR}/${FRAMEWORKS_FOLDER_PATH}/SDWebImage.framework",
				"${TARGET_BUILD_DIR}/${FRAMEWORKS_FOLDER_PATH}/TagListView.framework",
				"${TARGET_BUILD_DIR}/${FRAMEWORKS_FOLDER_PATH}/grpcpp.framework",
				"${TARGET_BUILD_DIR}/${FRAMEWORKS_FOLDER_PATH}/grpc.framework",
				"${TARGET_BUILD_DIR}/${FRAMEWORKS_FOLDER_PATH}/leveldb.framework",
				"${TARGET_BUILD_DIR}/${FRAMEWORKS_FOLDER_PATH}/nanopb.framework",
			);
			runOnlyForDeploymentPostprocessing = 0;
			shellPath = /bin/sh;
			shellScript = "\"${SRCROOT}/Pods/Target Support Files/Pods-PigMoneyPoket/Pods-PigMoneyPoket-frameworks.sh\"\n";
			showEnvVarsInLog = 0;
		};
		96225A2AE75D689BFB11E52F /* [CP] Check Pods Manifest.lock */ = {
			isa = PBXShellScriptBuildPhase;
			buildActionMask = 2147483647;
			files = (
			);
			inputFileListPaths = (
			);
			inputPaths = (
				"${PODS_PODFILE_DIR_PATH}/Podfile.lock",
				"${PODS_ROOT}/Manifest.lock",
			);
			name = "[CP] Check Pods Manifest.lock";
			outputFileListPaths = (
			);
			outputPaths = (
				"$(DERIVED_FILE_DIR)/Pods-PigMoneyPoket-checkManifestLockResult.txt",
			);
			runOnlyForDeploymentPostprocessing = 0;
			shellPath = /bin/sh;
			shellScript = "diff \"${PODS_PODFILE_DIR_PATH}/Podfile.lock\" \"${PODS_ROOT}/Manifest.lock\" > /dev/null\nif [ $? != 0 ] ; then\n    # print error to STDERR\n    echo \"error: The sandbox is not in sync with the Podfile.lock. Run 'pod install' or update your CocoaPods installation.\" >&2\n    exit 1\nfi\n# This output is used by Xcode 'outputs' to avoid re-running this script phase.\necho \"SUCCESS\" > \"${SCRIPT_OUTPUT_FILE_0}\"\n";
			showEnvVarsInLog = 0;
		};
		F03595D92DDB1FEC917D59EF /* [CP] Copy Pods Resources */ = {
			isa = PBXShellScriptBuildPhase;
			buildActionMask = 2147483647;
			files = (
			);
			inputFileListPaths = (
			);
			inputPaths = (
				"${SRCROOT}/Pods/Target Support Files/Pods-PigMoneyPoket/Pods-PigMoneyPoket-resources.sh",
				"${PODS_CONFIGURATION_BUILD_DIR}/FirebaseUI/FirebaseAnonymousAuthUI.bundle",
				"${PODS_CONFIGURATION_BUILD_DIR}/FirebaseUI/FirebaseAuthUI.bundle",
				"${PODS_CONFIGURATION_BUILD_DIR}/FirebaseUI/FirebaseEmailAuthUI.bundle",
				"${PODS_CONFIGURATION_BUILD_DIR}/FirebaseUI/FirebaseFacebookAuthUI.bundle",
				"${PODS_CONFIGURATION_BUILD_DIR}/FirebaseUI/FirebaseGoogleAuthUI.bundle",
				"${PODS_CONFIGURATION_BUILD_DIR}/FirebaseUI/FirebasePhoneAuthUI.bundle",
				"${PODS_ROOT}/GoogleSignIn/Resources/GoogleSignIn.bundle",
			);
			name = "[CP] Copy Pods Resources";
			outputFileListPaths = (
			);
			outputPaths = (
				"${TARGET_BUILD_DIR}/${UNLOCALIZED_RESOURCES_FOLDER_PATH}/FirebaseAnonymousAuthUI.bundle",
				"${TARGET_BUILD_DIR}/${UNLOCALIZED_RESOURCES_FOLDER_PATH}/FirebaseAuthUI.bundle",
				"${TARGET_BUILD_DIR}/${UNLOCALIZED_RESOURCES_FOLDER_PATH}/FirebaseEmailAuthUI.bundle",
				"${TARGET_BUILD_DIR}/${UNLOCALIZED_RESOURCES_FOLDER_PATH}/FirebaseFacebookAuthUI.bundle",
				"${TARGET_BUILD_DIR}/${UNLOCALIZED_RESOURCES_FOLDER_PATH}/FirebaseGoogleAuthUI.bundle",
				"${TARGET_BUILD_DIR}/${UNLOCALIZED_RESOURCES_FOLDER_PATH}/FirebasePhoneAuthUI.bundle",
				"${TARGET_BUILD_DIR}/${UNLOCALIZED_RESOURCES_FOLDER_PATH}/GoogleSignIn.bundle",
			);
			runOnlyForDeploymentPostprocessing = 0;
			shellPath = /bin/sh;
			shellScript = "\"${SRCROOT}/Pods/Target Support Files/Pods-PigMoneyPoket/Pods-PigMoneyPoket-resources.sh\"\n";
			showEnvVarsInLog = 0;
		};
/* End PBXShellScriptBuildPhase section */

/* Begin PBXSourcesBuildPhase section */
		C30F855921E0B4A7007FCD55 /* Sources */ = {
			isa = PBXSourcesBuildPhase;
			buildActionMask = 2147483647;
			files = (
				C37D7BC822CDA58F00EDB287 /* LoginViewController.swift in Sources */,
				C30F856321E0B4A7007FCD55 /* ViewController.swift in Sources */,
				C35BD70721E1FC7C00BD6BC6 /* String+Utill.swift in Sources */,
				C302AA4E22CA18B800069011 /* Date+Utill.swift in Sources */,
				C35BD6FA21E0DC7400BD6BC6 /* MakeBuyViewController.swift in Sources */,
				C324A0B421E0BDE500065C84 /* BuyModel.swift in Sources */,
				C37D7BCC22CDC7AB00EDB287 /* JoinViewController.swift in Sources */,
				C3EA47C521E373F600A11F75 /* MapViewController.swift in Sources */,
				C37D7BD022CDD34F00EDB287 /* FirebaseAuthHelper.swift in Sources */,
				C35BD6FC21E0DED000BD6BC6 /* SingleTone.swift in Sources */,
				C3EA47C721E4C66200A11F75 /* OldPaymentsByLocationInfoViewController.swift in Sources */,
				C30F856121E0B4A7007FCD55 /* AppDelegate.swift in Sources */,
				C35BD6F521E0D8BA00BD6BC6 /* ListTableViewController.swift in Sources */,
				C35BD6F821E0D92D00BD6BC6 /* ListTableViewCell.swift in Sources */,
			);
			runOnlyForDeploymentPostprocessing = 0;
		};
/* End PBXSourcesBuildPhase section */

/* Begin PBXVariantGroup section */
		C30F856421E0B4A7007FCD55 /* Main.storyboard */ = {
			isa = PBXVariantGroup;
			children = (
				C30F856521E0B4A7007FCD55 /* Base */,
			);
			name = Main.storyboard;
			sourceTree = "<group>";
		};
		C30F856921E0B4A8007FCD55 /* LaunchScreen.storyboard */ = {
			isa = PBXVariantGroup;
			children = (
				C30F856A21E0B4A8007FCD55 /* Base */,
			);
			name = LaunchScreen.storyboard;
			sourceTree = "<group>";
		};
		C35BD70321E1FB8A00BD6BC6 /* Localizable.strings */ = {
			isa = PBXVariantGroup;
			children = (
				C35BD70221E1FB8A00BD6BC6 /* en */,
				C35BD70421E1FBB800BD6BC6 /* ko */,
			);
			name = Localizable.strings;
			sourceTree = "<group>";
		};
/* End PBXVariantGroup section */

/* Begin XCBuildConfiguration section */
		C30F856D21E0B4A8007FCD55 /* Debug */ = {
			isa = XCBuildConfiguration;
			buildSettings = {
				ALWAYS_SEARCH_USER_PATHS = NO;
				CLANG_ANALYZER_LOCALIZABILITY_NONLOCALIZED = YES;
				CLANG_ANALYZER_NONNULL = YES;
				CLANG_ANALYZER_NUMBER_OBJECT_CONVERSION = YES_AGGRESSIVE;
				CLANG_CXX_LANGUAGE_STANDARD = "gnu++14";
				CLANG_CXX_LIBRARY = "libc++";
				CLANG_ENABLE_MODULES = YES;
				CLANG_ENABLE_OBJC_ARC = YES;
				CLANG_ENABLE_OBJC_WEAK = YES;
				CLANG_WARN_BLOCK_CAPTURE_AUTORELEASING = YES;
				CLANG_WARN_BOOL_CONVERSION = YES;
				CLANG_WARN_COMMA = YES;
				CLANG_WARN_CONSTANT_CONVERSION = YES;
				CLANG_WARN_DEPRECATED_OBJC_IMPLEMENTATIONS = YES;
				CLANG_WARN_DIRECT_OBJC_ISA_USAGE = YES_ERROR;
				CLANG_WARN_DOCUMENTATION_COMMENTS = YES;
				CLANG_WARN_EMPTY_BODY = YES;
				CLANG_WARN_ENUM_CONVERSION = YES;
				CLANG_WARN_INFINITE_RECURSION = YES;
				CLANG_WARN_INT_CONVERSION = YES;
				CLANG_WARN_NON_LITERAL_NULL_CONVERSION = YES;
				CLANG_WARN_OBJC_IMPLICIT_RETAIN_SELF = YES;
				CLANG_WARN_OBJC_LITERAL_CONVERSION = YES;
				CLANG_WARN_OBJC_ROOT_CLASS = YES_ERROR;
				CLANG_WARN_RANGE_LOOP_ANALYSIS = YES;
				CLANG_WARN_STRICT_PROTOTYPES = YES;
				CLANG_WARN_SUSPICIOUS_MOVE = YES;
				CLANG_WARN_UNGUARDED_AVAILABILITY = YES_AGGRESSIVE;
				CLANG_WARN_UNREACHABLE_CODE = YES;
				CLANG_WARN__DUPLICATE_METHOD_MATCH = YES;
				CODE_SIGN_IDENTITY = "iPhone Developer";
				COPY_PHASE_STRIP = NO;
				DEBUG_INFORMATION_FORMAT = dwarf;
				ENABLE_STRICT_OBJC_MSGSEND = YES;
				ENABLE_TESTABILITY = YES;
				GCC_C_LANGUAGE_STANDARD = gnu11;
				GCC_DYNAMIC_NO_PIC = NO;
				GCC_NO_COMMON_BLOCKS = YES;
				GCC_OPTIMIZATION_LEVEL = 0;
				GCC_PREPROCESSOR_DEFINITIONS = (
					"DEBUG=1",
					"$(inherited)",
				);
				GCC_WARN_64_TO_32_BIT_CONVERSION = YES;
				GCC_WARN_ABOUT_RETURN_TYPE = YES_ERROR;
				GCC_WARN_UNDECLARED_SELECTOR = YES;
				GCC_WARN_UNINITIALIZED_AUTOS = YES_AGGRESSIVE;
				GCC_WARN_UNUSED_FUNCTION = YES;
				GCC_WARN_UNUSED_VARIABLE = YES;
				IPHONEOS_DEPLOYMENT_TARGET = 12.1;
				MTL_ENABLE_DEBUG_INFO = INCLUDE_SOURCE;
				MTL_FAST_MATH = YES;
				ONLY_ACTIVE_ARCH = YES;
				SDKROOT = iphoneos;
				SWIFT_ACTIVE_COMPILATION_CONDITIONS = DEBUG;
				SWIFT_OPTIMIZATION_LEVEL = "-Onone";
			};
			name = Debug;
		};
		C30F856E21E0B4A8007FCD55 /* Release */ = {
			isa = XCBuildConfiguration;
			buildSettings = {
				ALWAYS_SEARCH_USER_PATHS = NO;
				CLANG_ANALYZER_LOCALIZABILITY_NONLOCALIZED = YES;
				CLANG_ANALYZER_NONNULL = YES;
				CLANG_ANALYZER_NUMBER_OBJECT_CONVERSION = YES_AGGRESSIVE;
				CLANG_CXX_LANGUAGE_STANDARD = "gnu++14";
				CLANG_CXX_LIBRARY = "libc++";
				CLANG_ENABLE_MODULES = YES;
				CLANG_ENABLE_OBJC_ARC = YES;
				CLANG_ENABLE_OBJC_WEAK = YES;
				CLANG_WARN_BLOCK_CAPTURE_AUTORELEASING = YES;
				CLANG_WARN_BOOL_CONVERSION = YES;
				CLANG_WARN_COMMA = YES;
				CLANG_WARN_CONSTANT_CONVERSION = YES;
				CLANG_WARN_DEPRECATED_OBJC_IMPLEMENTATIONS = YES;
				CLANG_WARN_DIRECT_OBJC_ISA_USAGE = YES_ERROR;
				CLANG_WARN_DOCUMENTATION_COMMENTS = YES;
				CLANG_WARN_EMPTY_BODY = YES;
				CLANG_WARN_ENUM_CONVERSION = YES;
				CLANG_WARN_INFINITE_RECURSION = YES;
				CLANG_WARN_INT_CONVERSION = YES;
				CLANG_WARN_NON_LITERAL_NULL_CONVERSION = YES;
				CLANG_WARN_OBJC_IMPLICIT_RETAIN_SELF = YES;
				CLANG_WARN_OBJC_LITERAL_CONVERSION = YES;
				CLANG_WARN_OBJC_ROOT_CLASS = YES_ERROR;
				CLANG_WARN_RANGE_LOOP_ANALYSIS = YES;
				CLANG_WARN_STRICT_PROTOTYPES = YES;
				CLANG_WARN_SUSPICIOUS_MOVE = YES;
				CLANG_WARN_UNGUARDED_AVAILABILITY = YES_AGGRESSIVE;
				CLANG_WARN_UNREACHABLE_CODE = YES;
				CLANG_WARN__DUPLICATE_METHOD_MATCH = YES;
				CODE_SIGN_IDENTITY = "iPhone Developer";
				COPY_PHASE_STRIP = NO;
				DEBUG_INFORMATION_FORMAT = "dwarf-with-dsym";
				ENABLE_NS_ASSERTIONS = NO;
				ENABLE_STRICT_OBJC_MSGSEND = YES;
				GCC_C_LANGUAGE_STANDARD = gnu11;
				GCC_NO_COMMON_BLOCKS = YES;
				GCC_WARN_64_TO_32_BIT_CONVERSION = YES;
				GCC_WARN_ABOUT_RETURN_TYPE = YES_ERROR;
				GCC_WARN_UNDECLARED_SELECTOR = YES;
				GCC_WARN_UNINITIALIZED_AUTOS = YES_AGGRESSIVE;
				GCC_WARN_UNUSED_FUNCTION = YES;
				GCC_WARN_UNUSED_VARIABLE = YES;
				IPHONEOS_DEPLOYMENT_TARGET = 12.1;
				MTL_ENABLE_DEBUG_INFO = NO;
				MTL_FAST_MATH = YES;
				SDKROOT = iphoneos;
				SWIFT_COMPILATION_MODE = wholemodule;
				SWIFT_OPTIMIZATION_LEVEL = "-O";
				VALIDATE_PRODUCT = YES;
			};
			name = Release;
		};
		C30F857021E0B4A8007FCD55 /* Debug */ = {
			isa = XCBuildConfiguration;
			baseConfigurationReference = F1F15F6CFA4B8AB5F5945CA1 /* Pods-PigMoneyPoket.debug.xcconfig */;
			buildSettings = {
				ASSETCATALOG_COMPILER_APPICON_NAME = AppIcon;
				CODE_SIGN_STYLE = Automatic;
				DEVELOPMENT_TEAM = M63PVGGGF8;
				INFOPLIST_FILE = PigMoneyPoket/Info.plist;
				LD_RUNPATH_SEARCH_PATHS = (
					"$(inherited)",
					"@executable_path/Frameworks",
				);
				PRODUCT_BUNDLE_IDENTIFIER = net.kongbaguni.PigMoneyPoket;
				PRODUCT_NAME = "$(TARGET_NAME)";
				SWIFT_VERSION = 4.2;
				TARGETED_DEVICE_FAMILY = "1,2";
			};
			name = Debug;
		};
		C30F857121E0B4A8007FCD55 /* Release */ = {
			isa = XCBuildConfiguration;
			baseConfigurationReference = 12288603CEDD576B46AD0D1A /* Pods-PigMoneyPoket.release.xcconfig */;
			buildSettings = {
				ASSETCATALOG_COMPILER_APPICON_NAME = AppIcon;
				CODE_SIGN_STYLE = Automatic;
				DEVELOPMENT_TEAM = M63PVGGGF8;
				INFOPLIST_FILE = PigMoneyPoket/Info.plist;
				LD_RUNPATH_SEARCH_PATHS = (
					"$(inherited)",
					"@executable_path/Frameworks",
				);
				PRODUCT_BUNDLE_IDENTIFIER = net.kongbaguni.PigMoneyPoket;
				PRODUCT_NAME = "$(TARGET_NAME)";
				SWIFT_VERSION = 4.2;
				TARGETED_DEVICE_FAMILY = "1,2";
			};
			name = Release;
		};
/* End XCBuildConfiguration section */

/* Begin XCConfigurationList section */
		C30F855821E0B4A7007FCD55 /* Build configuration list for PBXProject "PigMoneyPoket" */ = {
			isa = XCConfigurationList;
			buildConfigurations = (
				C30F856D21E0B4A8007FCD55 /* Debug */,
				C30F856E21E0B4A8007FCD55 /* Release */,
			);
			defaultConfigurationIsVisible = 0;
			defaultConfigurationName = Release;
		};
		C30F856F21E0B4A8007FCD55 /* Build configuration list for PBXNativeTarget "PigMoneyPoket" */ = {
			isa = XCConfigurationList;
			buildConfigurations = (
				C30F857021E0B4A8007FCD55 /* Debug */,
				C30F857121E0B4A8007FCD55 /* Release */,
			);
			defaultConfigurationIsVisible = 0;
			defaultConfigurationName = Release;
		};
/* End XCConfigurationList section */
	};
	rootObject = C30F855521E0B4A7007FCD55 /* Project object */;
}
